
Microsoft Visual Studio Solution File, Format Version 12.00
# Visual Studio 2012
Project("{FAE04EC0-301F-11D3-BF4B-00C04F79EFBC}") = "CustomGUI", "CustomGUI\CustomGUI.csproj", "{B50AF824-0E25-4024-AB02-9F48CEBE9AD8}"
EndProject
Project("{FAE04EC0-301F-11D3-BF4B-00C04F79EFBC}") = "TestGUIComponents", "TestGUIComponents\TestGUIComponents.csproj", "{34CF444F-16A4-470A-BE85-F86C2987315B}"
EndProject
Global
	GlobalSection(SolutionConfigurationPlatforms) = preSolution
		Debug|Any CPU = Debug|Any CPU
		Release|Any CPU = Release|Any CPU
	EndGlobalSection
	GlobalSection(ProjectConfigurationPlatforms) = postSolution
		{B50AF824-0E25-4024-AB02-9F48CEBE9AD8}.Debug|Any CPU.ActiveCfg = Debug|Any CPU
		{B50AF824-0E25-4024-AB02-9F48CEBE9AD8}.Debug|Any CPU.Build.0 = Debug|Any CPU
		{B50AF824-0E25-4024-AB02-9F48CEBE9AD8}.Release|Any CPU.ActiveCfg = Release|Any CPU
		{B50AF824-0E25-4024-AB02-9F48CEBE9AD8}.Release|Any CPU.Build.0 = Release|Any CPU
		{34CF444F-16A4-470A-BE85-F86C2987315B}.Debug|Any CPU.ActiveCfg = Debug|Any CPU
		{34CF444F-16A4-470A-BE85-F86C2987315B}.Debug|Any CPU.Build.0 = Debug|Any CPU
		{34CF444F-16A4-470A-BE85-F86C2987315B}.Release|Any CPU.ActiveCfg = Release|Any CPU
		{34CF444F-16A4-470A-BE85-F86C2987315B}.Release|Any CPU.Build.0 = Release|Any CPU
	EndGlobalSection
	GlobalSection(SolutionProperties) = preSolution
		HideSolutionNode = FALSE
	EndGlobalSection
EndGlobal
